
Microsoft Visual Studio Solution File, Format Version 12.00
# Visual Studio Version 17
VisualStudioVersion = 17.4.32916.344
MinimumVisualStudioVersion = 10.0.40219.1
Project("{FAE04EC0-301F-11D3-BF4B-00C04F79EFBC}") = "Practice11", "Practice11\Practice11.csproj", "{95360990-9D24-4BA6-A240-F0C567995F67}"
EndProject
Global
	GlobalSection(SolutionConfigurationPlatforms) = preSolution
		Debug|Any CPU = Debug|Any CPU
		Release|Any CPU = Release|Any CPU
	EndGlobalSection
	GlobalSection(ProjectConfigurationPlatforms) = postSolution
		{95360990-9D24-4BA6-A240-F0C567995F67}.Debug|Any CPU.ActiveCfg = Debug|Any CPU
		{95360990-9D24-4BA6-A240-F0C567995F67}.Debug|Any CPU.Build.0 = Debug|Any CPU
		{95360990-9D24-4BA6-A240-F0C567995F67}.Release|Any CPU.ActiveCfg = Release|Any CPU
		{95360990-9D24-4BA6-A240-F0C567995F67}.Release|Any CPU.Build.0 = Release|Any CPU
	EndGlobalSection
	GlobalSection(SolutionProperties) = preSolution
		HideSolutionNode = FALSE
	EndGlobalSection
	GlobalSection(ExtensibilityGlobals) = postSolution
		SolutionGuid = {A983A1D3-1959-40E2-85DC-5B8E0FA06F6A}
	EndGlobalSection
EndGlobal
